// !$*UTF8*$!
{
	archiveVersion = 1;
	classes = {
	};
	objectVersion = 46;
	objects = {

/* Begin PBXBuildFile section */
		A2994FE11BFFABF500F27627 /* AppDelegate.swift in Sources */ = {isa = PBXBuildFile; fileRef = A2994FE01BFFABF500F27627 /* AppDelegate.swift */; };
		A2994FE31BFFABF500F27627 /* FirstViewController.swift in Sources */ = {isa = PBXBuildFile; fileRef = A2994FE21BFFABF500F27627 /* FirstViewController.swift */; };
		A2994FE51BFFABF500F27627 /* SecondViewController.swift in Sources */ = {isa = PBXBuildFile; fileRef = A2994FE41BFFABF500F27627 /* SecondViewController.swift */; };
		A2994FE81BFFABF500F27627 /* Main.storyboard in Resources */ = {isa = PBXBuildFile; fileRef = A2994FE61BFFABF500F27627 /* Main.storyboard */; };
		A2994FEA1BFFABF500F27627 /* Assets.xcassets in Resources */ = {isa = PBXBuildFile; fileRef = A2994FE91BFFABF500F27627 /* Assets.xcassets */; };
		B2EA00D31C090A67005FEAD2 /* Alamofire.framework in Frameworks */ = {isa = PBXBuildFile; fileRef = B2EA00D21C090A67005FEAD2 /* Alamofire.framework */; };
		B2EA00D41C090A67005FEAD2 /* Alamofire.framework in Embed Frameworks */ = {isa = PBXBuildFile; fileRef = B2EA00D21C090A67005FEAD2 /* Alamofire.framework */; settings = {ATTRIBUTES = (CodeSignOnCopy, RemoveHeadersOnCopy, ); }; };
		B2EA00D71C090A6D005FEAD2 /* Kingfisher.framework in Frameworks */ = {isa = PBXBuildFile; fileRef = B2EA00D61C090A6D005FEAD2 /* Kingfisher.framework */; };
		B2EA00D81C090A6D005FEAD2 /* Kingfisher.framework in Embed Frameworks */ = {isa = PBXBuildFile; fileRef = B2EA00D61C090A6D005FEAD2 /* Kingfisher.framework */; settings = {ATTRIBUTES = (CodeSignOnCopy, RemoveHeadersOnCopy, ); }; };
		B2EA00DA1C090E8F005FEAD2 /* SwiftyJSON.framework in Frameworks */ = {isa = PBXBuildFile; fileRef = B2EA00D91C090E8F005FEAD2 /* SwiftyJSON.framework */; };
		B2EA00DB1C090E8F005FEAD2 /* SwiftyJSON.framework in Embed Frameworks */ = {isa = PBXBuildFile; fileRef = B2EA00D91C090E8F005FEAD2 /* SwiftyJSON.framework */; settings = {ATTRIBUTES = (CodeSignOnCopy, RemoveHeadersOnCopy, ); }; };
/* End PBXBuildFile section */

/* Begin PBXCopyFilesBuildPhase section */
		B2EA00D51C090A67005FEAD2 /* Embed Frameworks */ = {
			isa = PBXCopyFilesBuildPhase;
			buildActionMask = 2147483647;
			dstPath = "";
			dstSubfolderSpec = 10;
			files = (
				B2EA00D81C090A6D005FEAD2 /* Kingfisher.framework in Embed Frameworks */,
				B2EA00D41C090A67005FEAD2 /* Alamofire.framework in Embed Frameworks */,
				B2EA00DB1C090E8F005FEAD2 /* SwiftyJSON.framework in Embed Frameworks */,
			);
			name = "Embed Frameworks";
			runOnlyForDeploymentPostprocessing = 0;
		};
/* End PBXCopyFilesBuildPhase section */

/* Begin PBXFileReference section */
		A2994FDD1BFFABF500F27627 /* MovieSenseiTV.app */ = {isa = PBXFileReference; explicitFileType = wrapper.application; includeInIndex = 0; path = MovieSenseiTV.app; sourceTree = BUILT_PRODUCTS_DIR; };
		A2994FE01BFFABF500F27627 /* AppDelegate.swift */ = {isa = PBXFileReference; lastKnownFileType = sourcecode.swift; path = AppDelegate.swift; sourceTree = "<group>"; };
		A2994FE21BFFABF500F27627 /* FirstViewController.swift */ = {isa = PBXFileReference; lastKnownFileType = sourcecode.swift; path = FirstViewController.swift; sourceTree = "<group>"; };
		A2994FE41BFFABF500F27627 /* SecondViewController.swift */ = {isa = PBXFileReference; lastKnownFileType = sourcecode.swift; path = SecondViewController.swift; sourceTree = "<group>"; };
		A2994FE71BFFABF500F27627 /* Base */ = {isa = PBXFileReference; lastKnownFileType = file.storyboard; name = Base; path = Base.lproj/Main.storyboard; sourceTree = "<group>"; };
		A2994FE91BFFABF500F27627 /* Assets.xcassets */ = {isa = PBXFileReference; lastKnownFileType = folder.assetcatalog; path = Assets.xcassets; sourceTree = "<group>"; };
		A2994FEB1BFFABF500F27627 /* Info.plist */ = {isa = PBXFileReference; lastKnownFileType = text.plist.xml; path = Info.plist; sourceTree = "<group>"; };
		B2697DB71C08FD26000FE08E /* MovieSenseiTV-Bridging-Header.h */ = {isa = PBXFileReference; lastKnownFileType = sourcecode.c.h; name = "MovieSenseiTV-Bridging-Header.h"; path = "MovieSenseiTV/MovieSenseiTV-Bridging-Header.h"; sourceTree = SOURCE_ROOT; };
		B2EA00D21C090A67005FEAD2 /* Alamofire.framework */ = {isa = PBXFileReference; lastKnownFileType = wrapper.framework; name = Alamofire.framework; path = Carthage/Build/tvOS/Alamofire.framework; sourceTree = "<group>"; };
		B2EA00D61C090A6D005FEAD2 /* Kingfisher.framework */ = {isa = PBXFileReference; lastKnownFileType = wrapper.framework; name = Kingfisher.framework; path = Carthage/Build/tvOS/Kingfisher.framework; sourceTree = "<group>"; };
		B2EA00D91C090E8F005FEAD2 /* SwiftyJSON.framework */ = {isa = PBXFileReference; lastKnownFileType = wrapper.framework; name = SwiftyJSON.framework; path = Carthage/Build/tvOS/SwiftyJSON.framework; sourceTree = "<group>"; };
/* End PBXFileReference section */

/* Begin PBXFrameworksBuildPhase section */
		A2994FDA1BFFABF500F27627 /* Frameworks */ = {
			isa = PBXFrameworksBuildPhase;
			buildActionMask = 2147483647;
			files = (
				B2EA00D71C090A6D005FEAD2 /* Kingfisher.framework in Frameworks */,
				B2EA00D31C090A67005FEAD2 /* Alamofire.framework in Frameworks */,
				B2EA00DA1C090E8F005FEAD2 /* SwiftyJSON.framework in Frameworks */,
			);
			runOnlyForDeploymentPostprocessing = 0;
		};
/* End PBXFrameworksBuildPhase section */

/* Begin PBXGroup section */
		A2994FD41BFFABF500F27627 = {
			isa = PBXGroup;
			children = (
				B2EA00D91C090E8F005FEAD2 /* SwiftyJSON.framework */,
				B2EA00D61C090A6D005FEAD2 /* Kingfisher.framework */,
				B2EA00D21C090A67005FEAD2 /* Alamofire.framework */,
				A2994FDF1BFFABF500F27627 /* MovieSenseiTV */,
				A2994FDE1BFFABF500F27627 /* Products */,
			);
			sourceTree = "<group>";
		};
		A2994FDE1BFFABF500F27627 /* Products */ = {
			isa = PBXGroup;
			children = (
				A2994FDD1BFFABF500F27627 /* MovieSenseiTV.app */,
			);
			name = Products;
			sourceTree = "<group>";
		};
		A2994FDF1BFFABF500F27627 /* MovieSenseiTV */ = {
			isa = PBXGroup;
			children = (
				A2994FE01BFFABF500F27627 /* AppDelegate.swift */,
				A2994FE21BFFABF500F27627 /* FirstViewController.swift */,
				A2994FE41BFFABF500F27627 /* SecondViewController.swift */,
				B2697D821C08FC4A000FE08E /* External Libraries */,
				A2994FE61BFFABF500F27627 /* Main.storyboard */,
				A2994FE91BFFABF500F27627 /* Assets.xcassets */,
				A2994FEB1BFFABF500F27627 /* Info.plist */,
			);
			path = MovieSenseiTV;
			sourceTree = "<group>";
		};
		B2697D821C08FC4A000FE08E /* External Libraries */ = {
			isa = PBXGroup;
			children = (
				B2697DB71C08FD26000FE08E /* MovieSenseiTV-Bridging-Header.h */,
			);
			path = "External Libraries";
			sourceTree = "<group>";
		};
/* End PBXGroup section */

/* Begin PBXNativeTarget section */
		A2994FDC1BFFABF500F27627 /* MovieSenseiTV */ = {
			isa = PBXNativeTarget;
			buildConfigurationList = A2994FEE1BFFABF500F27627 /* Build configuration list for PBXNativeTarget "MovieSenseiTV" */;
			buildPhases = (
				A2994FD91BFFABF500F27627 /* Sources */,
				A2994FDA1BFFABF500F27627 /* Frameworks */,
				A2994FDB1BFFABF500F27627 /* Resources */,
				A2E77A081C079CD300200064 /* ShellScript */,
				B2EA00D51C090A67005FEAD2 /* Embed Frameworks */,
			);
			buildRules = (
			);
			dependencies = (
			);
			name = MovieSenseiTV;
			productName = MovieSenseiTV;
			productReference = A2994FDD1BFFABF500F27627 /* MovieSenseiTV.app */;
			productType = "com.apple.product-type.application";
		};
/* End PBXNativeTarget section */

/* Begin PBXProject section */
		A2994FD51BFFABF500F27627 /* Project object */ = {
			isa = PBXProject;
			attributes = {
				LastSwiftUpdateCheck = 0710;
				LastUpgradeCheck = 0710;
				ORGANIZATIONNAME = dna;
				TargetAttributes = {
					A2994FDC1BFFABF500F27627 = {
						CreatedOnToolsVersion = 7.1.1;
						DevelopmentTeam = 7SX7NNMX7Q;
					};
				};
			};
			buildConfigurationList = A2994FD81BFFABF500F27627 /* Build configuration list for PBXProject "MovieSenseiTV" */;
			compatibilityVersion = "Xcode 3.2";
			developmentRegion = English;
			hasScannedForEncodings = 0;
			knownRegions = (
				en,
				Base,
			);
			mainGroup = A2994FD41BFFABF500F27627;
			productRefGroup = A2994FDE1BFFABF500F27627 /* Products */;
			projectDirPath = "";
			projectRoot = "";
			targets = (
				A2994FDC1BFFABF500F27627 /* MovieSenseiTV */,
			);
		};
/* End PBXProject section */

/* Begin PBXResourcesBuildPhase section */
		A2994FDB1BFFABF500F27627 /* Resources */ = {
			isa = PBXResourcesBuildPhase;
			buildActionMask = 2147483647;
			files = (
				A2994FEA1BFFABF500F27627 /* Assets.xcassets in Resources */,
				A2994FE81BFFABF500F27627 /* Main.storyboard in Resources */,
			);
			runOnlyForDeploymentPostprocessing = 0;
		};
/* End PBXResourcesBuildPhase section */

/* Begin PBXShellScriptBuildPhase section */
		A2E77A081C079CD300200064 /* ShellScript */ = {
			isa = PBXShellScriptBuildPhase;
			buildActionMask = 2147483647;
			files = (
			);
			inputPaths = (
				"",
			);
			outputPaths = (
			);
			runOnlyForDeploymentPostprocessing = 0;
			shellPath = /bin/sh;
			shellScript = "";
		};
/* End PBXShellScriptBuildPhase section */

/* Begin PBXSourcesBuildPhase section */
		A2994FD91BFFABF500F27627 /* Sources */ = {
			isa = PBXSourcesBuildPhase;
			buildActionMask = 2147483647;
			files = (
				A2994FE51BFFABF500F27627 /* SecondViewController.swift in Sources */,
				A2994FE11BFFABF500F27627 /* AppDelegate.swift in Sources */,
				A2994FE31BFFABF500F27627 /* FirstViewController.swift in Sources */,
			);
			runOnlyForDeploymentPostprocessing = 0;
		};
/* End PBXSourcesBuildPhase section */

/* Begin PBXVariantGroup section */
		A2994FE61BFFABF500F27627 /* Main.storyboard */ = {
			isa = PBXVariantGroup;
			children = (
				A2994FE71BFFABF500F27627 /* Base */,
			);
			name = Main.storyboard;
			sourceTree = "<group>";
		};
/* End PBXVariantGroup section */

/* Begin XCBuildConfiguration section */
		A2994FEC1BFFABF500F27627 /* Debug */ = {
			isa = XCBuildConfiguration;
			buildSettings = {
				ALWAYS_SEARCH_USER_PATHS = NO;
				CLANG_CXX_LANGUAGE_STANDARD = "gnu++0x";
				CLANG_CXX_LIBRARY = "libc++";
				CLANG_ENABLE_MODULES = YES;
				CLANG_ENABLE_OBJC_ARC = YES;
				CLANG_WARN_BOOL_CONVERSION = YES;
				CLANG_WARN_CONSTANT_CONVERSION = YES;
				CLANG_WARN_DIRECT_OBJC_ISA_USAGE = YES_ERROR;
				CLANG_WARN_EMPTY_BODY = YES;
				CLANG_WARN_ENUM_CONVERSION = YES;
				CLANG_WARN_INT_CONVERSION = YES;
				CLANG_WARN_OBJC_ROOT_CLASS = YES_ERROR;
				CLANG_WARN_UNREACHABLE_CODE = YES;
				CLANG_WARN__DUPLICATE_METHOD_MATCH = YES;
				COPY_PHASE_STRIP = NO;
				DEBUG_INFORMATION_FORMAT = dwarf;
				ENABLE_STRICT_OBJC_MSGSEND = YES;
				ENABLE_TESTABILITY = YES;
				GCC_C_LANGUAGE_STANDARD = gnu99;
				GCC_DYNAMIC_NO_PIC = NO;
				GCC_NO_COMMON_BLOCKS = YES;
				GCC_OPTIMIZATION_LEVEL = 0;
				GCC_PREPROCESSOR_DEFINITIONS = (
					"DEBUG=1",
					"$(inherited)",
				);
				GCC_WARN_64_TO_32_BIT_CONVERSION = YES;
				GCC_WARN_ABOUT_RETURN_TYPE = YES_ERROR;
				GCC_WARN_UNDECLARED_SELECTOR = YES;
				GCC_WARN_UNINITIALIZED_AUTOS = YES_AGGRESSIVE;
				GCC_WARN_UNUSED_FUNCTION = YES;
				GCC_WARN_UNUSED_VARIABLE = YES;
				MTL_ENABLE_DEBUG_INFO = YES;
				ONLY_ACTIVE_ARCH = YES;
				SDKROOT = appletvos;
				SWIFT_OPTIMIZATION_LEVEL = "-Onone";
				TARGETED_DEVICE_FAMILY = 3;
				TVOS_DEPLOYMENT_TARGET = 9.0;
			};
			name = Debug;
		};
		A2994FED1BFFABF500F27627 /* Release */ = {
			isa = XCBuildConfiguration;
			buildSettings = {
				ALWAYS_SEARCH_USER_PATHS = NO;
				CLANG_CXX_LANGUAGE_STANDARD = "gnu++0x";
				CLANG_CXX_LIBRARY = "libc++";
				CLANG_ENABLE_MODULES = YES;
				CLANG_ENABLE_OBJC_ARC = YES;
				CLANG_WARN_BOOL_CONVERSION = YES;
				CLANG_WARN_CONSTANT_CONVERSION = YES;
				CLANG_WARN_DIRECT_OBJC_ISA_USAGE = YES_ERROR;
				CLANG_WARN_EMPTY_BODY = YES;
				CLANG_WARN_ENUM_CONVERSION = YES;
				CLANG_WARN_INT_CONVERSION = YES;
				CLANG_WARN_OBJC_ROOT_CLASS = YES_ERROR;
				CLANG_WARN_UNREACHABLE_CODE = YES;
				CLANG_WARN__DUPLICATE_METHOD_MATCH = YES;
				COPY_PHASE_STRIP = NO;
				DEBUG_INFORMATION_FORMAT = "dwarf-with-dsym";
				ENABLE_NS_ASSERTIONS = NO;
				ENABLE_STRICT_OBJC_MSGSEND = YES;
				GCC_C_LANGUAGE_STANDARD = gnu99;
				GCC_NO_COMMON_BLOCKS = YES;
				GCC_WARN_64_TO_32_BIT_CONVERSION = YES;
				GCC_WARN_ABOUT_RETURN_TYPE = YES_ERROR;
				GCC_WARN_UNDECLARED_SELECTOR = YES;
				GCC_WARN_UNINITIALIZED_AUTOS = YES_AGGRESSIVE;
				GCC_WARN_UNUSED_FUNCTION = YES;
				GCC_WARN_UNUSED_VARIABLE = YES;
				MTL_ENABLE_DEBUG_INFO = NO;
				SDKROOT = appletvos;
				TARGETED_DEVICE_FAMILY = 3;
				TVOS_DEPLOYMENT_TARGET = 9.0;
				VALIDATE_PRODUCT = YES;
			};
			name = Release;
		};
		A2994FEF1BFFABF500F27627 /* Debug */ = {
			isa = XCBuildConfiguration;
			buildSettings = {
				ASSETCATALOG_COMPILER_APPICON_NAME = "App Icon & Top Shelf Image";
				ASSETCATALOG_COMPILER_LAUNCHIMAGE_NAME = LaunchImage;
				CODE_SIGN_IDENTITY = "iPhone Developer: Dan Isacson (226ZEH3XFH)";
				"CODE_SIGN_IDENTITY[sdk=appletvos*]" = "iPhone Developer: Dan Isacson (226ZEH3XFH)";
				FRAMEWORK_SEARCH_PATHS = (
					"$(inherited)",
					"$(PROJECT_DIR)/Carthage/Build/tvOS",
				);
				INFOPLIST_FILE = MovieSenseiTV/Info.plist;
				LD_RUNPATH_SEARCH_PATHS = "$(inherited) @executable_path/Frameworks";
				PRODUCT_BUNDLE_IDENTIFIER = dna.hobbyprogramming.MovieSenseiTV;
				PRODUCT_NAME = "$(TARGET_NAME)";
				PROVISIONING_PROFILE = "77a4f562-a305-4b24-80f0-aab65fda7110";
				SWIFT_OBJC_BRIDGING_HEADER = "$(SRCROOT)/MovieSenseiTV/MovieSenseiTV-Bridging-Header.h";
			};
			name = Debug;
		};
		A2994FF01BFFABF500F27627 /* Release */ = {
			isa = XCBuildConfiguration;
			buildSettings = {
				ASSETCATALOG_COMPILER_APPICON_NAME = "App Icon & Top Shelf Image";
				ASSETCATALOG_COMPILER_LAUNCHIMAGE_NAME = LaunchImage;
				CODE_SIGN_IDENTITY = "iPhone Developer: Dan Isacson (226ZEH3XFH)";
				"CODE_SIGN_IDENTITY[sdk=appletvos*]" = "iPhone Developer: Dan Isacson (226ZEH3XFH)";
				FRAMEWORK_SEARCH_PATHS = (
					"$(inherited)",
					"$(PROJECT_DIR)/Carthage/Build/tvOS",
				);
				INFOPLIST_FILE = MovieSenseiTV/Info.plist;
				LD_RUNPATH_SEARCH_PATHS = "$(inherited) @executable_path/Frameworks";
				PRODUCT_BUNDLE_IDENTIFIER = dna.hobbyprogramming.MovieSenseiTV;
				PRODUCT_NAME = "$(TARGET_NAME)";
				PROVISIONING_PROFILE = "77a4f562-a305-4b24-80f0-aab65fda7110";
				SWIFT_OBJC_BRIDGING_HEADER = "$(SRCROOT)/MovieSenseiTV/MovieSenseiTV-Bridging-Header.h";
			};
			name = Release;
		};
/* End XCBuildConfiguration section */

/* Begin XCConfigurationList section */
		A2994FD81BFFABF500F27627 /* Build configuration list for PBXProject "MovieSenseiTV" */ = {
			isa = XCConfigurationList;
			buildConfigurations = (
				A2994FEC1BFFABF500F27627 /* Debug */,
				A2994FED1BFFABF500F27627 /* Release */,
			);
			defaultConfigurationIsVisible = 0;
			defaultConfigurationName = Release;
		};
		A2994FEE1BFFABF500F27627 /* Build configuration list for PBXNativeTarget "MovieSenseiTV" */ = {
			isa = XCConfigurationList;
			buildConfigurations = (
				A2994FEF1BFFABF500F27627 /* Debug */,
				A2994FF01BFFABF500F27627 /* Release */,
			);
			defaultConfigurationIsVisible = 0;
			defaultConfigurationName = Release;
		};
/* End XCConfigurationList section */
	};
	rootObject = A2994FD51BFFABF500F27627 /* Project object */;
}
